
Microsoft Visual Studio Solution File, Format Version 12.00
# Visual Studio Version 17
VisualStudioVersion = 17.5.33424.131
MinimumVisualStudioVersion = 10.0.40219.1
Project("{8BC9CEB8-8B4A-11D0-8D11-00A0C91BC942}") = "two_numbers", "two_numbers\two_numbers.vcxproj", "{6AAF2CAA-6596-4EF2-AFF7-23093DA70B05}"
EndProject
Project("{8BC9CEB8-8B4A-11D0-8D11-00A0C91BC942}") = "while", "while\while.vcxproj", "{E6A018B9-FFA0-43C4-92EE-C42DFFA69A13}"
EndProject
Project("{8BC9CEB8-8B4A-11D0-8D11-00A0C91BC942}") = "for", "for\for.vcxproj", "{400AA028-4058-4887-9A0D-1AB9B56FB5A5}"
EndProject
Project("{8BC9CEB8-8B4A-11D0-8D11-00A0C91BC942}") = "unknown_inputs", "unknown_inputs\unknown_inputs.vcxproj", "{22C21C7F-7F3B-424C-B56B-79F182BDD339}"
EndProject
Project("{8BC9CEB8-8B4A-11D0-8D11-00A0C91BC942}") = "if", "if\if.vcxproj", "{C050E106-F9EF-40C0-8B14-E5DF27329EBC}"
EndProject
Project("{8BC9CEB8-8B4A-11D0-8D11-00A0C91BC942}") = "sales", "sales\sales.vcxproj", "{3A8B0D22-9416-4A8B-89C8-7AE52D5C3FE1}"
EndProject
Global
	GlobalSection(SolutionConfigurationPlatforms) = preSolution
		Debug|x64 = Debug|x64
		Debug|x86 = Debug|x86
		Release|x64 = Release|x64
		Release|x86 = Release|x86
	EndGlobalSection
	GlobalSection(ProjectConfigurationPlatforms) = postSolution
		{6AAF2CAA-6596-4EF2-AFF7-23093DA70B05}.Debug|x64.ActiveCfg = Debug|x64
		{6AAF2CAA-6596-4EF2-AFF7-23093DA70B05}.Debug|x64.Build.0 = Debug|x64
		{6AAF2CAA-6596-4EF2-AFF7-23093DA70B05}.Debug|x86.ActiveCfg = Debug|Win32
		{6AAF2CAA-6596-4EF2-AFF7-23093DA70B05}.Debug|x86.Build.0 = Debug|Win32
		{6AAF2CAA-6596-4EF2-AFF7-23093DA70B05}.Release|x64.ActiveCfg = Release|x64
		{6AAF2CAA-6596-4EF2-AFF7-23093DA70B05}.Release|x64.Build.0 = Release|x64
		{6AAF2CAA-6596-4EF2-AFF7-23093DA70B05}.Release|x86.ActiveCfg = Release|Win32
		{6AAF2CAA-6596-4EF2-AFF7-23093DA70B05}.Release|x86.Build.0 = Release|Win32
		{E6A018B9-FFA0-43C4-92EE-C42DFFA69A13}.Debug|x64.ActiveCfg = Debug|x64
		{E6A018B9-FFA0-43C4-92EE-C42DFFA69A13}.Debug|x64.Build.0 = Debug|x64
		{E6A018B9-FFA0-43C4-92EE-C42DFFA69A13}.Debug|x86.ActiveCfg = Debug|Win32
		{E6A018B9-FFA0-43C4-92EE-C42DFFA69A13}.Debug|x86.Build.0 = Debug|Win32
		{E6A018B9-FFA0-43C4-92EE-C42DFFA69A13}.Release|x64.ActiveCfg = Release|x64
		{E6A018B9-FFA0-43C4-92EE-C42DFFA69A13}.Release|x64.Build.0 = Release|x64
		{E6A018B9-FFA0-43C4-92EE-C42DFFA69A13}.Release|x86.ActiveCfg = Release|Win32
		{E6A018B9-FFA0-43C4-92EE-C42DFFA69A13}.Release|x86.Build.0 = Release|Win32
		{400AA028-4058-4887-9A0D-1AB9B56FB5A5}.Debug|x64.ActiveCfg = Debug|x64
		{400AA028-4058-4887-9A0D-1AB9B56FB5A5}.Debug|x64.Build.0 = Debug|x64
		{400AA028-4058-4887-9A0D-1AB9B56FB5A5}.Debug|x86.ActiveCfg = Debug|Win32
		{400AA028-4058-4887-9A0D-1AB9B56FB5A5}.Debug|x86.Build.0 = Debug|Win32
		{400AA028-4058-4887-9A0D-1AB9B56FB5A5}.Release|x64.ActiveCfg = Release|x64
		{400AA028-4058-4887-9A0D-1AB9B56FB5A5}.Release|x64.Build.0 = Release|x64
		{400AA028-4058-4887-9A0D-1AB9B56FB5A5}.Release|x86.ActiveCfg = Release|Win32
		{400AA028-4058-4887-9A0D-1AB9B56FB5A5}.Release|x86.Build.0 = Release|Win32
		{22C21C7F-7F3B-424C-B56B-79F182BDD339}.Debug|x64.ActiveCfg = Debug|x64
		{22C21C7F-7F3B-424C-B56B-79F182BDD339}.Debug|x64.Build.0 = Debug|x64
		{22C21C7F-7F3B-424C-B56B-79F182BDD339}.Debug|x86.ActiveCfg = Debug|Win32
		{22C21C7F-7F3B-424C-B56B-79F182BDD339}.Debug|x86.Build.0 = Debug|Win32
		{22C21C7F-7F3B-424C-B56B-79F182BDD339}.Release|x64.ActiveCfg = Release|x64
		{22C21C7F-7F3B-424C-B56B-79F182BDD339}.Release|x64.Build.0 = Release|x64
		{22C21C7F-7F3B-424C-B56B-79F182BDD339}.Release|x86.ActiveCfg = Release|Win32
		{22C21C7F-7F3B-424C-B56B-79F182BDD339}.Release|x86.Build.0 = Release|Win32
		{C050E106-F9EF-40C0-8B14-E5DF27329EBC}.Debug|x64.ActiveCfg = Debug|x64
		{C050E106-F9EF-40C0-8B14-E5DF27329EBC}.Debug|x64.Build.0 = Debug|x64
		{C050E106-F9EF-40C0-8B14-E5DF27329EBC}.Debug|x86.ActiveCfg = Debug|Win32
		{C050E106-F9EF-40C0-8B14-E5DF27329EBC}.Debug|x86.Build.0 = Debug|Win32
		{C050E106-F9EF-40C0-8B14-E5DF27329EBC}.Release|x64.ActiveCfg = Release|x64
		{C050E106-F9EF-40C0-8B14-E5DF27329EBC}.Release|x64.Build.0 = Release|x64
		{C050E106-F9EF-40C0-8B14-E5DF27329EBC}.Release|x86.ActiveCfg = Release|Win32
		{C050E106-F9EF-40C0-8B14-E5DF27329EBC}.Release|x86.Build.0 = Release|Win32
		{3A8B0D22-9416-4A8B-89C8-7AE52D5C3FE1}.Debug|x64.ActiveCfg = Debug|x64
		{3A8B0D22-9416-4A8B-89C8-7AE52D5C3FE1}.Debug|x64.Build.0 = Debug|x64
		{3A8B0D22-9416-4A8B-89C8-7AE52D5C3FE1}.Debug|x86.ActiveCfg = Debug|Win32
		{3A8B0D22-9416-4A8B-89C8-7AE52D5C3FE1}.Debug|x86.Build.0 = Debug|Win32
		{3A8B0D22-9416-4A8B-89C8-7AE52D5C3FE1}.Release|x64.ActiveCfg = Release|x64
		{3A8B0D22-9416-4A8B-89C8-7AE52D5C3FE1}.Release|x64.Build.0 = Release|x64
		{3A8B0D22-9416-4A8B-89C8-7AE52D5C3FE1}.Release|x86.ActiveCfg = Release|Win32
		{3A8B0D22-9416-4A8B-89C8-7AE52D5C3FE1}.Release|x86.Build.0 = Release|Win32
	EndGlobalSection
	GlobalSection(SolutionProperties) = preSolution
		HideSolutionNode = FALSE
	EndGlobalSection
	GlobalSection(ExtensibilityGlobals) = postSolution
		SolutionGuid = {A6BF18A3-AEBE-47F1-B70F-AF1C9BEC35FC}
	EndGlobalSection
EndGlobal
